
Microsoft Visual Studio Solution File, Format Version 12.00
# Visual Studio 14
VisualStudioVersion = 14.0.25420.1
MinimumVisualStudioVersion = 10.0.40219.1
Project("{D954291E-2A0B-460D-934E-DC6B0785DB48}") = "HelloXamlXamarinProject", "HelloXamlXamarinProject\HelloXamlXamarinProject\HelloXamlXamarinProject.shproj", "{464C7911-605B-4935-8D7D-E95696B3C0E8}"
EndProject
Project("{FAE04EC0-301F-11D3-BF4B-00C04F79EFBC}") = "HelloXamlXamarinProject.Droid", "HelloXamlXamarinProject\HelloXamlXamarinProject.Droid\HelloXamlXamarinProject.Droid.csproj", "{8991FB06-E649-4F42-82A0-10D03A730CF1}"
EndProject
Project("{FAE04EC0-301F-11D3-BF4B-00C04F79EFBC}") = "HelloXamlXamarinProject.iOS", "HelloXamlXamarinProject\HelloXamlXamarinProject.iOS\HelloXamlXamarinProject.iOS.csproj", "{E816B036-1437-4818-AAC4-0770BF2A163B}"
EndProject
Project("{FAE04EC0-301F-11D3-BF4B-00C04F79EFBC}") = "HelloXamlXamarinProject.WinPhone", "HelloXamlXamarinProject\HelloXamlXamarinProject.WinPhone\HelloXamlXamarinProject.WinPhone.csproj", "{48F632B6-D25C-452F-AAD1-3110642001FC}"
EndProject
Project("{FAE04EC0-301F-11D3-BF4B-00C04F79EFBC}") = "HelloXamlXamarinProject.Windows", "HelloXamlXamarinProject\HelloXamlXamarinProject.Windows\HelloXamlXamarinProject.Windows.csproj", "{E7DE401D-0037-4A04-A09F-A82AB5699FF2}"
EndProject
Global
	GlobalSection(SharedMSBuildProjectFiles) = preSolution
		HelloXamlXamarinProject\HelloXamlXamarinProject\HelloXamlXamarinProject.projitems*{464c7911-605b-4935-8d7d-e95696b3c0e8}*SharedItemsImports = 13
		HelloXamlXamarinProject\HelloXamlXamarinProject\HelloXamlXamarinProject.projitems*{8991fb06-e649-4f42-82a0-10d03a730cf1}*SharedItemsImports = 4
		HelloXamlXamarinProject\HelloXamlXamarinProject\HelloXamlXamarinProject.projitems*{e816b036-1437-4818-aac4-0770bf2a163b}*SharedItemsImports = 4
	EndGlobalSection
	GlobalSection(SolutionConfigurationPlatforms) = preSolution
		Ad-Hoc|Any CPU = Ad-Hoc|Any CPU
		Ad-Hoc|ARM = Ad-Hoc|ARM
		Ad-Hoc|iPhone = Ad-Hoc|iPhone
		Ad-Hoc|iPhoneSimulator = Ad-Hoc|iPhoneSimulator
		Ad-Hoc|x64 = Ad-Hoc|x64
		Ad-Hoc|x86 = Ad-Hoc|x86
		AppStore|Any CPU = AppStore|Any CPU
		AppStore|ARM = AppStore|ARM
		AppStore|iPhone = AppStore|iPhone
		AppStore|iPhoneSimulator = AppStore|iPhoneSimulator
		AppStore|x64 = AppStore|x64
		AppStore|x86 = AppStore|x86
		Debug|Any CPU = Debug|Any CPU
		Debug|ARM = Debug|ARM
		Debug|iPhone = Debug|iPhone
		Debug|iPhoneSimulator = Debug|iPhoneSimulator
		Debug|x64 = Debug|x64
		Debug|x86 = Debug|x86
		Release|Any CPU = Release|Any CPU
		Release|ARM = Release|ARM
		Release|iPhone = Release|iPhone
		Release|iPhoneSimulator = Release|iPhoneSimulator
		Release|x64 = Release|x64
		Release|x86 = Release|x86
	EndGlobalSection
	GlobalSection(ProjectConfigurationPlatforms) = postSolution
		{8991FB06-E649-4F42-82A0-10D03A730CF1}.Ad-Hoc|Any CPU.ActiveCfg = Release|Any CPU
		{8991FB06-E649-4F42-82A0-10D03A730CF1}.Ad-Hoc|Any CPU.Build.0 = Release|Any CPU
		{8991FB06-E649-4F42-82A0-10D03A730CF1}.Ad-Hoc|Any CPU.Deploy.0 = Release|Any CPU
		{8991FB06-E649-4F42-82A0-10D03A730CF1}.Ad-Hoc|ARM.ActiveCfg = Release|Any CPU
		{8991FB06-E649-4F42-82A0-10D03A730CF1}.Ad-Hoc|ARM.Build.0 = Release|Any CPU
		{8991FB06-E649-4F42-82A0-10D03A730CF1}.Ad-Hoc|ARM.Deploy.0 = Release|Any CPU
		{8991FB06-E649-4F42-82A0-10D03A730CF1}.Ad-Hoc|iPhone.ActiveCfg = Release|Any CPU
		{8991FB06-E649-4F42-82A0-10D03A730CF1}.Ad-Hoc|iPhone.Build.0 = Release|Any CPU
		{8991FB06-E649-4F42-82A0-10D03A730CF1}.Ad-Hoc|iPhone.Deploy.0 = Release|Any CPU
		{8991FB06-E649-4F42-82A0-10D03A730CF1}.Ad-Hoc|iPhoneSimulator.ActiveCfg = Release|Any CPU
		{8991FB06-E649-4F42-82A0-10D03A730CF1}.Ad-Hoc|iPhoneSimulator.Build.0 = Release|Any CPU
		{8991FB06-E649-4F42-82A0-10D03A730CF1}.Ad-Hoc|iPhoneSimulator.Deploy.0 = Release|Any CPU
		{8991FB06-E649-4F42-82A0-10D03A730CF1}.Ad-Hoc|x64.ActiveCfg = Release|Any CPU
		{8991FB06-E649-4F42-82A0-10D03A730CF1}.Ad-Hoc|x64.Build.0 = Release|Any CPU
		{8991FB06-E649-4F42-82A0-10D03A730CF1}.Ad-Hoc|x64.Deploy.0 = Release|Any CPU
		{8991FB06-E649-4F42-82A0-10D03A730CF1}.Ad-Hoc|x86.ActiveCfg = Release|Any CPU
		{8991FB06-E649-4F42-82A0-10D03A730CF1}.Ad-Hoc|x86.Build.0 = Release|Any CPU
		{8991FB06-E649-4F42-82A0-10D03A730CF1}.Ad-Hoc|x86.Deploy.0 = Release|Any CPU
		{8991FB06-E649-4F42-82A0-10D03A730CF1}.AppStore|Any CPU.ActiveCfg = Release|Any CPU
		{8991FB06-E649-4F42-82A0-10D03A730CF1}.AppStore|Any CPU.Build.0 = Release|Any CPU
		{8991FB06-E649-4F42-82A0-10D03A730CF1}.AppStore|Any CPU.Deploy.0 = Release|Any CPU
		{8991FB06-E649-4F42-82A0-10D03A730CF1}.AppStore|ARM.ActiveCfg = Release|Any CPU
		{8991FB06-E649-4F42-82A0-10D03A730CF1}.AppStore|ARM.Build.0 = Release|Any CPU
		{8991FB06-E649-4F42-82A0-10D03A730CF1}.AppStore|ARM.Deploy.0 = Release|Any CPU
		{8991FB06-E649-4F42-82A0-10D03A730CF1}.AppStore|iPhone.ActiveCfg = Release|Any CPU
		{8991FB06-E649-4F42-82A0-10D03A730CF1}.AppStore|iPhone.Build.0 = Release|Any CPU
		{8991FB06-E649-4F42-82A0-10D03A730CF1}.AppStore|iPhone.Deploy.0 = Release|Any CPU
		{8991FB06-E649-4F42-82A0-10D03A730CF1}.AppStore|iPhoneSimulator.ActiveCfg = Release|Any CPU
		{8991FB06-E649-4F42-82A0-10D03A730CF1}.AppStore|iPhoneSimulator.Build.0 = Release|Any CPU
		{8991FB06-E649-4F42-82A0-10D03A730CF1}.AppStore|iPhoneSimulator.Deploy.0 = Release|Any CPU
		{8991FB06-E649-4F42-82A0-10D03A730CF1}.AppStore|x64.ActiveCfg = Release|Any CPU
		{8991FB06-E649-4F42-82A0-10D03A730CF1}.AppStore|x64.Build.0 = Release|Any CPU
		{8991FB06-E649-4F42-82A0-10D03A730CF1}.AppStore|x64.Deploy.0 = Release|Any CPU
		{8991FB06-E649-4F42-82A0-10D03A730CF1}.AppStore|x86.ActiveCfg = Release|Any CPU
		{8991FB06-E649-4F42-82A0-10D03A730CF1}.AppStore|x86.Build.0 = Release|Any CPU
		{8991FB06-E649-4F42-82A0-10D03A730CF1}.AppStore|x86.Deploy.0 = Release|Any CPU
		{8991FB06-E649-4F42-82A0-10D03A730CF1}.Debug|Any CPU.ActiveCfg = Debug|Any CPU
		{8991FB06-E649-4F42-82A0-10D03A730CF1}.Debug|Any CPU.Build.0 = Debug|Any CPU
		{8991FB06-E649-4F42-82A0-10D03A730CF1}.Debug|Any CPU.Deploy.0 = Debug|Any CPU
		{8991FB06-E649-4F42-82A0-10D03A730CF1}.Debug|ARM.ActiveCfg = Debug|Any CPU
		{8991FB06-E649-4F42-82A0-10D03A730CF1}.Debug|ARM.Build.0 = Debug|Any CPU
		{8991FB06-E649-4F42-82A0-10D03A730CF1}.Debug|ARM.Deploy.0 = Debug|Any CPU
		{8991FB06-E649-4F42-82A0-10D03A730CF1}.Debug|iPhone.ActiveCfg = Debug|Any CPU
		{8991FB06-E649-4F42-82A0-10D03A730CF1}.Debug|iPhone.Build.0 = Debug|Any CPU
		{8991FB06-E649-4F42-82A0-10D03A730CF1}.Debug|iPhone.Deploy.0 = Debug|Any CPU
		{8991FB06-E649-4F42-82A0-10D03A730CF1}.Debug|iPhoneSimulator.ActiveCfg = Debug|Any CPU
		{8991FB06-E649-4F42-82A0-10D03A730CF1}.Debug|iPhoneSimulator.Build.0 = Debug|Any CPU
		{8991FB06-E649-4F42-82A0-10D03A730CF1}.Debug|iPhoneSimulator.Deploy.0 = Debug|Any CPU
		{8991FB06-E649-4F42-82A0-10D03A730CF1}.Debug|x64.ActiveCfg = Debug|Any CPU
		{8991FB06-E649-4F42-82A0-10D03A730CF1}.Debug|x64.Build.0 = Debug|Any CPU
		{8991FB06-E649-4F42-82A0-10D03A730CF1}.Debug|x64.Deploy.0 = Debug|Any CPU
		{8991FB06-E649-4F42-82A0-10D03A730CF1}.Debug|x86.ActiveCfg = Debug|Any CPU
		{8991FB06-E649-4F42-82A0-10D03A730CF1}.Debug|x86.Build.0 = Debug|Any CPU
		{8991FB06-E649-4F42-82A0-10D03A730CF1}.Debug|x86.Deploy.0 = Debug|Any CPU
		{8991FB06-E649-4F42-82A0-10D03A730CF1}.Release|Any CPU.ActiveCfg = Release|Any CPU
		{8991FB06-E649-4F42-82A0-10D03A730CF1}.Release|Any CPU.Build.0 = Release|Any CPU
		{8991FB06-E649-4F42-82A0-10D03A730CF1}.Release|Any CPU.Deploy.0 = Release|Any CPU
		{8991FB06-E649-4F42-82A0-10D03A730CF1}.Release|ARM.ActiveCfg = Release|Any CPU
		{8991FB06-E649-4F42-82A0-10D03A730CF1}.Release|ARM.Build.0 = Release|Any CPU
		{8991FB06-E649-4F42-82A0-10D03A730CF1}.Release|ARM.Deploy.0 = Release|Any CPU
		{8991FB06-E649-4F42-82A0-10D03A730CF1}.Release|iPhone.ActiveCfg = Release|Any CPU
		{8991FB06-E649-4F42-82A0-10D03A730CF1}.Release|iPhone.Build.0 = Release|Any CPU
		{8991FB06-E649-4F42-82A0-10D03A730CF1}.Release|iPhone.Deploy.0 = Release|Any CPU
		{8991FB06-E649-4F42-82A0-10D03A730CF1}.Release|iPhoneSimulator.ActiveCfg = Release|Any CPU
		{8991FB06-E649-4F42-82A0-10D03A730CF1}.Release|iPhoneSimulator.Build.0 = Release|Any CPU
		{8991FB06-E649-4F42-82A0-10D03A730CF1}.Release|iPhoneSimulator.Deploy.0 = Release|Any CPU
		{8991FB06-E649-4F42-82A0-10D03A730CF1}.Release|x64.ActiveCfg = Release|Any CPU
		{8991FB06-E649-4F42-82A0-10D03A730CF1}.Release|x64.Build.0 = Release|Any CPU
		{8991FB06-E649-4F42-82A0-10D03A730CF1}.Release|x64.Deploy.0 = Release|Any CPU
		{8991FB06-E649-4F42-82A0-10D03A730CF1}.Release|x86.ActiveCfg = Release|Any CPU
		{8991FB06-E649-4F42-82A0-10D03A730CF1}.Release|x86.Build.0 = Release|Any CPU
		{8991FB06-E649-4F42-82A0-10D03A730CF1}.Release|x86.Deploy.0 = Release|Any CPU
		{E816B036-1437-4818-AAC4-0770BF2A163B}.Ad-Hoc|Any CPU.ActiveCfg = Ad-Hoc|iPhone
		{E816B036-1437-4818-AAC4-0770BF2A163B}.Ad-Hoc|ARM.ActiveCfg = Ad-Hoc|iPhone
		{E816B036-1437-4818-AAC4-0770BF2A163B}.Ad-Hoc|iPhone.ActiveCfg = Ad-Hoc|iPhone
		{E816B036-1437-4818-AAC4-0770BF2A163B}.Ad-Hoc|iPhone.Build.0 = Ad-Hoc|iPhone
		{E816B036-1437-4818-AAC4-0770BF2A163B}.Ad-Hoc|iPhoneSimulator.ActiveCfg = Ad-Hoc|iPhoneSimulator
		{E816B036-1437-4818-AAC4-0770BF2A163B}.Ad-Hoc|iPhoneSimulator.Build.0 = Ad-Hoc|iPhoneSimulator
		{E816B036-1437-4818-AAC4-0770BF2A163B}.Ad-Hoc|x64.ActiveCfg = Ad-Hoc|iPhone
		{E816B036-1437-4818-AAC4-0770BF2A163B}.Ad-Hoc|x86.ActiveCfg = Ad-Hoc|iPhone
		{E816B036-1437-4818-AAC4-0770BF2A163B}.AppStore|Any CPU.ActiveCfg = AppStore|iPhone
		{E816B036-1437-4818-AAC4-0770BF2A163B}.AppStore|ARM.ActiveCfg = AppStore|iPhone
		{E816B036-1437-4818-AAC4-0770BF2A163B}.AppStore|iPhone.ActiveCfg = AppStore|iPhone
		{E816B036-1437-4818-AAC4-0770BF2A163B}.AppStore|iPhone.Build.0 = AppStore|iPhone
		{E816B036-1437-4818-AAC4-0770BF2A163B}.AppStore|iPhoneSimulator.ActiveCfg = AppStore|iPhoneSimulator
		{E816B036-1437-4818-AAC4-0770BF2A163B}.AppStore|iPhoneSimulator.Build.0 = AppStore|iPhoneSimulator
		{E816B036-1437-4818-AAC4-0770BF2A163B}.AppStore|x64.ActiveCfg = AppStore|iPhone
		{E816B036-1437-4818-AAC4-0770BF2A163B}.AppStore|x86.ActiveCfg = AppStore|iPhone
		{E816B036-1437-4818-AAC4-0770BF2A163B}.Debug|Any CPU.ActiveCfg = Debug|iPhone
		{E816B036-1437-4818-AAC4-0770BF2A163B}.Debug|ARM.ActiveCfg = Debug|iPhone
		{E816B036-1437-4818-AAC4-0770BF2A163B}.Debug|iPhone.ActiveCfg = Debug|iPhone
		{E816B036-1437-4818-AAC4-0770BF2A163B}.Debug|iPhone.Build.0 = Debug|iPhone
		{E816B036-1437-4818-AAC4-0770BF2A163B}.Debug|iPhoneSimulator.ActiveCfg = Debug|iPhoneSimulator
		{E816B036-1437-4818-AAC4-0770BF2A163B}.Debug|iPhoneSimulator.Build.0 = Debug|iPhoneSimulator
		{E816B036-1437-4818-AAC4-0770BF2A163B}.Debug|x64.ActiveCfg = Debug|iPhone
		{E816B036-1437-4818-AAC4-0770BF2A163B}.Debug|x86.ActiveCfg = Debug|iPhone
		{E816B036-1437-4818-AAC4-0770BF2A163B}.Release|Any CPU.ActiveCfg = Release|iPhone
		{E816B036-1437-4818-AAC4-0770BF2A163B}.Release|ARM.ActiveCfg = Release|iPhone
		{E816B036-1437-4818-AAC4-0770BF2A163B}.Release|iPhone.ActiveCfg = Release|iPhone
		{E816B036-1437-4818-AAC4-0770BF2A163B}.Release|iPhone.Build.0 = Release|iPhone
		{E816B036-1437-4818-AAC4-0770BF2A163B}.Release|iPhoneSimulator.ActiveCfg = Release|iPhoneSimulator
		{E816B036-1437-4818-AAC4-0770BF2A163B}.Release|iPhoneSimulator.Build.0 = Release|iPhoneSimulator
		{E816B036-1437-4818-AAC4-0770BF2A163B}.Release|x64.ActiveCfg = Release|iPhone
		{E816B036-1437-4818-AAC4-0770BF2A163B}.Release|x86.ActiveCfg = Release|iPhone
		{48F632B6-D25C-452F-AAD1-3110642001FC}.Ad-Hoc|Any CPU.ActiveCfg = Release|Any CPU
		{48F632B6-D25C-452F-AAD1-3110642001FC}.Ad-Hoc|Any CPU.Build.0 = Release|Any CPU
		{48F632B6-D25C-452F-AAD1-3110642001FC}.Ad-Hoc|Any CPU.Deploy.0 = Release|Any CPU
		{48F632B6-D25C-452F-AAD1-3110642001FC}.Ad-Hoc|ARM.ActiveCfg = Release|ARM
		{48F632B6-D25C-452F-AAD1-3110642001FC}.Ad-Hoc|ARM.Build.0 = Release|ARM
		{48F632B6-D25C-452F-AAD1-3110642001FC}.Ad-Hoc|ARM.Deploy.0 = Release|ARM
		{48F632B6-D25C-452F-AAD1-3110642001FC}.Ad-Hoc|iPhone.ActiveCfg = Release|Any CPU
		{48F632B6-D25C-452F-AAD1-3110642001FC}.Ad-Hoc|iPhone.Build.0 = Release|Any CPU
		{48F632B6-D25C-452F-AAD1-3110642001FC}.Ad-Hoc|iPhone.Deploy.0 = Release|Any CPU
		{48F632B6-D25C-452F-AAD1-3110642001FC}.Ad-Hoc|iPhoneSimulator.ActiveCfg = Release|Any CPU
		{48F632B6-D25C-452F-AAD1-3110642001FC}.Ad-Hoc|iPhoneSimulator.Build.0 = Release|Any CPU
		{48F632B6-D25C-452F-AAD1-3110642001FC}.Ad-Hoc|iPhoneSimulator.Deploy.0 = Release|Any CPU
		{48F632B6-D25C-452F-AAD1-3110642001FC}.Ad-Hoc|x64.ActiveCfg = Release|Any CPU
		{48F632B6-D25C-452F-AAD1-3110642001FC}.Ad-Hoc|x64.Build.0 = Release|Any CPU
		{48F632B6-D25C-452F-AAD1-3110642001FC}.Ad-Hoc|x64.Deploy.0 = Release|Any CPU
		{48F632B6-D25C-452F-AAD1-3110642001FC}.Ad-Hoc|x86.ActiveCfg = Release|x86
		{48F632B6-D25C-452F-AAD1-3110642001FC}.Ad-Hoc|x86.Build.0 = Release|x86
		{48F632B6-D25C-452F-AAD1-3110642001FC}.Ad-Hoc|x86.Deploy.0 = Release|x86
		{48F632B6-D25C-452F-AAD1-3110642001FC}.AppStore|Any CPU.ActiveCfg = Release|Any CPU
		{48F632B6-D25C-452F-AAD1-3110642001FC}.AppStore|Any CPU.Build.0 = Release|Any CPU
		{48F632B6-D25C-452F-AAD1-3110642001FC}.AppStore|Any CPU.Deploy.0 = Release|Any CPU
		{48F632B6-D25C-452F-AAD1-3110642001FC}.AppStore|ARM.ActiveCfg = Release|ARM
		{48F632B6-D25C-452F-AAD1-3110642001FC}.AppStore|ARM.Build.0 = Release|ARM
		{48F632B6-D25C-452F-AAD1-3110642001FC}.AppStore|ARM.Deploy.0 = Release|ARM
		{48F632B6-D25C-452F-AAD1-3110642001FC}.AppStore|iPhone.ActiveCfg = Release|Any CPU
		{48F632B6-D25C-452F-AAD1-3110642001FC}.AppStore|iPhone.Build.0 = Release|Any CPU
		{48F632B6-D25C-452F-AAD1-3110642001FC}.AppStore|iPhone.Deploy.0 = Release|Any CPU
		{48F632B6-D25C-452F-AAD1-3110642001FC}.AppStore|iPhoneSimulator.ActiveCfg = Release|Any CPU
		{48F632B6-D25C-452F-AAD1-3110642001FC}.AppStore|iPhoneSimulator.Build.0 = Release|Any CPU
		{48F632B6-D25C-452F-AAD1-3110642001FC}.AppStore|iPhoneSimulator.Deploy.0 = Release|Any CPU
		{48F632B6-D25C-452F-AAD1-3110642001FC}.AppStore|x64.ActiveCfg = Release|Any CPU
		{48F632B6-D25C-452F-AAD1-3110642001FC}.AppStore|x64.Build.0 = Release|Any CPU
		{48F632B6-D25C-452F-AAD1-3110642001FC}.AppStore|x64.Deploy.0 = Release|Any CPU
		{48F632B6-D25C-452F-AAD1-3110642001FC}.AppStore|x86.ActiveCfg = Release|x86
		{48F632B6-D25C-452F-AAD1-3110642001FC}.AppStore|x86.Build.0 = Release|x86
		{48F632B6-D25C-452F-AAD1-3110642001FC}.AppStore|x86.Deploy.0 = Release|x86
		{48F632B6-D25C-452F-AAD1-3110642001FC}.Debug|Any CPU.ActiveCfg = Debug|Any CPU
		{48F632B6-D25C-452F-AAD1-3110642001FC}.Debug|Any CPU.Build.0 = Debug|Any CPU
		{48F632B6-D25C-452F-AAD1-3110642001FC}.Debug|Any CPU.Deploy.0 = Debug|Any CPU
		{48F632B6-D25C-452F-AAD1-3110642001FC}.Debug|ARM.ActiveCfg = Debug|ARM
		{48F632B6-D25C-452F-AAD1-3110642001FC}.Debug|ARM.Build.0 = Debug|ARM
		{48F632B6-D25C-452F-AAD1-3110642001FC}.Debug|ARM.Deploy.0 = Debug|ARM
		{48F632B6-D25C-452F-AAD1-3110642001FC}.Debug|iPhone.ActiveCfg = Debug|Any CPU
		{48F632B6-D25C-452F-AAD1-3110642001FC}.Debug|iPhone.Build.0 = Debug|Any CPU
		{48F632B6-D25C-452F-AAD1-3110642001FC}.Debug|iPhone.Deploy.0 = Debug|Any CPU
		{48F632B6-D25C-452F-AAD1-3110642001FC}.Debug|iPhoneSimulator.ActiveCfg = Debug|Any CPU
		{48F632B6-D25C-452F-AAD1-3110642001FC}.Debug|iPhoneSimulator.Build.0 = Debug|Any CPU
		{48F632B6-D25C-452F-AAD1-3110642001FC}.Debug|iPhoneSimulator.Deploy.0 = Debug|Any CPU
		{48F632B6-D25C-452F-AAD1-3110642001FC}.Debug|x64.ActiveCfg = Debug|Any CPU
		{48F632B6-D25C-452F-AAD1-3110642001FC}.Debug|x64.Build.0 = Debug|Any CPU
		{48F632B6-D25C-452F-AAD1-3110642001FC}.Debug|x64.Deploy.0 = Debug|Any CPU
		{48F632B6-D25C-452F-AAD1-3110642001FC}.Debug|x86.ActiveCfg = Debug|x86
		{48F632B6-D25C-452F-AAD1-3110642001FC}.Debug|x86.Build.0 = Debug|x86
		{48F632B6-D25C-452F-AAD1-3110642001FC}.Debug|x86.Deploy.0 = Debug|x86
		{48F632B6-D25C-452F-AAD1-3110642001FC}.Release|Any CPU.ActiveCfg = Release|Any CPU
		{48F632B6-D25C-452F-AAD1-3110642001FC}.Release|Any CPU.Build.0 = Release|Any CPU
		{48F632B6-D25C-452F-AAD1-3110642001FC}.Release|Any CPU.Deploy.0 = Release|Any CPU
		{48F632B6-D25C-452F-AAD1-3110642001FC}.Release|ARM.ActiveCfg = Release|ARM
		{48F632B6-D25C-452F-AAD1-3110642001FC}.Release|ARM.Build.0 = Release|ARM
		{48F632B6-D25C-452F-AAD1-3110642001FC}.Release|ARM.Deploy.0 = Release|ARM
		{48F632B6-D25C-452F-AAD1-3110642001FC}.Release|iPhone.ActiveCfg = Release|Any CPU
		{48F632B6-D25C-452F-AAD1-3110642001FC}.Release|iPhone.Build.0 = Release|Any CPU
		{48F632B6-D25C-452F-AAD1-3110642001FC}.Release|iPhone.Deploy.0 = Release|Any CPU
		{48F632B6-D25C-452F-AAD1-3110642001FC}.Release|iPhoneSimulator.ActiveCfg = Release|Any CPU
		{48F632B6-D25C-452F-AAD1-3110642001FC}.Release|iPhoneSimulator.Build.0 = Release|Any CPU
		{48F632B6-D25C-452F-AAD1-3110642001FC}.Release|iPhoneSimulator.Deploy.0 = Release|Any CPU
		{48F632B6-D25C-452F-AAD1-3110642001FC}.Release|x64.ActiveCfg = Release|Any CPU
		{48F632B6-D25C-452F-AAD1-3110642001FC}.Release|x64.Build.0 = Release|Any CPU
		{48F632B6-D25C-452F-AAD1-3110642001FC}.Release|x64.Deploy.0 = Release|Any CPU
		{48F632B6-D25C-452F-AAD1-3110642001FC}.Release|x86.ActiveCfg = Release|x86
		{48F632B6-D25C-452F-AAD1-3110642001FC}.Release|x86.Build.0 = Release|x86
		{48F632B6-D25C-452F-AAD1-3110642001FC}.Release|x86.Deploy.0 = Release|x86
		{E7DE401D-0037-4A04-A09F-A82AB5699FF2}.Ad-Hoc|Any CPU.ActiveCfg = Release|Any CPU
		{E7DE401D-0037-4A04-A09F-A82AB5699FF2}.Ad-Hoc|Any CPU.Build.0 = Release|Any CPU
		{E7DE401D-0037-4A04-A09F-A82AB5699FF2}.Ad-Hoc|Any CPU.Deploy.0 = Release|Any CPU
		{E7DE401D-0037-4A04-A09F-A82AB5699FF2}.Ad-Hoc|ARM.ActiveCfg = Release|ARM
		{E7DE401D-0037-4A04-A09F-A82AB5699FF2}.Ad-Hoc|ARM.Build.0 = Release|ARM
		{E7DE401D-0037-4A04-A09F-A82AB5699FF2}.Ad-Hoc|ARM.Deploy.0 = Release|ARM
		{E7DE401D-0037-4A04-A09F-A82AB5699FF2}.Ad-Hoc|iPhone.ActiveCfg = Release|Any CPU
		{E7DE401D-0037-4A04-A09F-A82AB5699FF2}.Ad-Hoc|iPhone.Build.0 = Release|Any CPU
		{E7DE401D-0037-4A04-A09F-A82AB5699FF2}.Ad-Hoc|iPhone.Deploy.0 = Release|Any CPU
		{E7DE401D-0037-4A04-A09F-A82AB5699FF2}.Ad-Hoc|iPhoneSimulator.ActiveCfg = Release|Any CPU
		{E7DE401D-0037-4A04-A09F-A82AB5699FF2}.Ad-Hoc|iPhoneSimulator.Build.0 = Release|Any CPU
		{E7DE401D-0037-4A04-A09F-A82AB5699FF2}.Ad-Hoc|iPhoneSimulator.Deploy.0 = Release|Any CPU
		{E7DE401D-0037-4A04-A09F-A82AB5699FF2}.Ad-Hoc|x64.ActiveCfg = Release|x64
		{E7DE401D-0037-4A04-A09F-A82AB5699FF2}.Ad-Hoc|x64.Build.0 = Release|x64
		{E7DE401D-0037-4A04-A09F-A82AB5699FF2}.Ad-Hoc|x64.Deploy.0 = Release|x64
		{E7DE401D-0037-4A04-A09F-A82AB5699FF2}.Ad-Hoc|x86.ActiveCfg = Release|x86
		{E7DE401D-0037-4A04-A09F-A82AB5699FF2}.Ad-Hoc|x86.Build.0 = Release|x86
		{E7DE401D-0037-4A04-A09F-A82AB5699FF2}.Ad-Hoc|x86.Deploy.0 = Release|x86
		{E7DE401D-0037-4A04-A09F-A82AB5699FF2}.AppStore|Any CPU.ActiveCfg = Release|Any CPU
		{E7DE401D-0037-4A04-A09F-A82AB5699FF2}.AppStore|Any CPU.Build.0 = Release|Any CPU
		{E7DE401D-0037-4A04-A09F-A82AB5699FF2}.AppStore|Any CPU.Deploy.0 = Release|Any CPU
		{E7DE401D-0037-4A04-A09F-A82AB5699FF2}.AppStore|ARM.ActiveCfg = Release|ARM
		{E7DE401D-0037-4A04-A09F-A82AB5699FF2}.AppStore|ARM.Build.0 = Release|ARM
		{E7DE401D-0037-4A04-A09F-A82AB5699FF2}.AppStore|ARM.Deploy.0 = Release|ARM
		{E7DE401D-0037-4A04-A09F-A82AB5699FF2}.AppStore|iPhone.ActiveCfg = Release|Any CPU
		{E7DE401D-0037-4A04-A09F-A82AB5699FF2}.AppStore|iPhone.Build.0 = Release|Any CPU
		{E7DE401D-0037-4A04-A09F-A82AB5699FF2}.AppStore|iPhone.Deploy.0 = Release|Any CPU
		{E7DE401D-0037-4A04-A09F-A82AB5699FF2}.AppStore|iPhoneSimulator.ActiveCfg = Release|Any CPU
		{E7DE401D-0037-4A04-A09F-A82AB5699FF2}.AppStore|iPhoneSimulator.Build.0 = Release|Any CPU
		{E7DE401D-0037-4A04-A09F-A82AB5699FF2}.AppStore|iPhoneSimulator.Deploy.0 = Release|Any CPU
		{E7DE401D-0037-4A04-A09F-A82AB5699FF2}.AppStore|x64.ActiveCfg = Release|x64
		{E7DE401D-0037-4A04-A09F-A82AB5699FF2}.AppStore|x64.Build.0 = Release|x64
		{E7DE401D-0037-4A04-A09F-A82AB5699FF2}.AppStore|x64.Deploy.0 = Release|x64
		{E7DE401D-0037-4A04-A09F-A82AB5699FF2}.AppStore|x86.ActiveCfg = Release|x86
		{E7DE401D-0037-4A04-A09F-A82AB5699FF2}.AppStore|x86.Build.0 = Release|x86
		{E7DE401D-0037-4A04-A09F-A82AB5699FF2}.AppStore|x86.Deploy.0 = Release|x86
		{E7DE401D-0037-4A04-A09F-A82AB5699FF2}.Debug|Any CPU.ActiveCfg = Debug|Any CPU
		{E7DE401D-0037-4A04-A09F-A82AB5699FF2}.Debug|Any CPU.Build.0 = Debug|Any CPU
		{E7DE401D-0037-4A04-A09F-A82AB5699FF2}.Debug|Any CPU.Deploy.0 = Debug|Any CPU
		{E7DE401D-0037-4A04-A09F-A82AB5699FF2}.Debug|ARM.ActiveCfg = Debug|ARM
		{E7DE401D-0037-4A04-A09F-A82AB5699FF2}.Debug|ARM.Build.0 = Debug|ARM
		{E7DE401D-0037-4A04-A09F-A82AB5699FF2}.Debug|ARM.Deploy.0 = Debug|ARM
		{E7DE401D-0037-4A04-A09F-A82AB5699FF2}.Debug|iPhone.ActiveCfg = Debug|Any CPU
		{E7DE401D-0037-4A04-A09F-A82AB5699FF2}.Debug|iPhone.Build.0 = Debug|Any CPU
		{E7DE401D-0037-4A04-A09F-A82AB5699FF2}.Debug|iPhone.Deploy.0 = Debug|Any CPU
		{E7DE401D-0037-4A04-A09F-A82AB5699FF2}.Debug|iPhoneSimulator.ActiveCfg = Debug|Any CPU
		{E7DE401D-0037-4A04-A09F-A82AB5699FF2}.Debug|iPhoneSimulator.Build.0 = Debug|Any CPU
		{E7DE401D-0037-4A04-A09F-A82AB5699FF2}.Debug|iPhoneSimulator.Deploy.0 = Debug|Any CPU
		{E7DE401D-0037-4A04-A09F-A82AB5699FF2}.Debug|x64.ActiveCfg = Debug|x64
		{E7DE401D-0037-4A04-A09F-A82AB5699FF2}.Debug|x64.Build.0 = Debug|x64
		{E7DE401D-0037-4A04-A09F-A82AB5699FF2}.Debug|x64.Deploy.0 = Debug|x64
		{E7DE401D-0037-4A04-A09F-A82AB5699FF2}.Debug|x86.ActiveCfg = Debug|x86
		{E7DE401D-0037-4A04-A09F-A82AB5699FF2}.Debug|x86.Build.0 = Debug|x86
		{E7DE401D-0037-4A04-A09F-A82AB5699FF2}.Debug|x86.Deploy.0 = Debug|x86
		{E7DE401D-0037-4A04-A09F-A82AB5699FF2}.Release|Any CPU.ActiveCfg = Release|Any CPU
		{E7DE401D-0037-4A04-A09F-A82AB5699FF2}.Release|Any CPU.Build.0 = Release|Any CPU
		{E7DE401D-0037-4A04-A09F-A82AB5699FF2}.Release|Any CPU.Deploy.0 = Release|Any CPU
		{E7DE401D-0037-4A04-A09F-A82AB5699FF2}.Release|ARM.ActiveCfg = Release|ARM
		{E7DE401D-0037-4A04-A09F-A82AB5699FF2}.Release|ARM.Build.0 = Release|ARM
		{E7DE401D-0037-4A04-A09F-A82AB5699FF2}.Release|ARM.Deploy.0 = Release|ARM
		{E7DE401D-0037-4A04-A09F-A82AB5699FF2}.Release|iPhone.ActiveCfg = Release|Any CPU
		{E7DE401D-0037-4A04-A09F-A82AB5699FF2}.Release|iPhone.Build.0 = Release|Any CPU
		{E7DE401D-0037-4A04-A09F-A82AB5699FF2}.Release|iPhone.Deploy.0 = Release|Any CPU
		{E7DE401D-0037-4A04-A09F-A82AB5699FF2}.Release|iPhoneSimulator.ActiveCfg = Release|Any CPU
		{E7DE401D-0037-4A04-A09F-A82AB5699FF2}.Release|iPhoneSimulator.Build.0 = Release|Any CPU
		{E7DE401D-0037-4A04-A09F-A82AB5699FF2}.Release|iPhoneSimulator.Deploy.0 = Release|Any CPU
		{E7DE401D-0037-4A04-A09F-A82AB5699FF2}.Release|x64.ActiveCfg = Release|x64
		{E7DE401D-0037-4A04-A09F-A82AB5699FF2}.Release|x64.Build.0 = Release|x64
		{E7DE401D-0037-4A04-A09F-A82AB5699FF2}.Release|x64.Deploy.0 = Release|x64
		{E7DE401D-0037-4A04-A09F-A82AB5699FF2}.Release|x86.ActiveCfg = Release|x86
		{E7DE401D-0037-4A04-A09F-A82AB5699FF2}.Release|x86.Build.0 = Release|x86
		{E7DE401D-0037-4A04-A09F-A82AB5699FF2}.Release|x86.Deploy.0 = Release|x86
	EndGlobalSection
	GlobalSection(SolutionProperties) = preSolution
		HideSolutionNode = FALSE
	EndGlobalSection
EndGlobal
